
Microsoft Visual Studio Solution File, Format Version 12.00
# Visual Studio Version 17
VisualStudioVersion = 17.14.36127.28
MinimumVisualStudioVersion = 10.0.40219.1
Project("{FAE04EC0-301F-11D3-BF4B-00C04F79EFBC}") = "client_console", "client_console\client_console.csproj", "{3E74F83F-915A-4EEC-9151-9280BEE493D3}"
EndProject
Project("{FAE04EC0-301F-11D3-BF4B-00C04F79EFBC}") = "DinoData", "DinoData\DinoData.csproj", "{37EE9A3B-BB6F-4159-8E86-783026B902F7}"
EndProject
Global
	GlobalSection(SolutionConfigurationPlatforms) = preSolution
		Debug|Any CPU = Debug|Any CPU
		Release|Any CPU = Release|Any CPU
	EndGlobalSection
	GlobalSection(ProjectConfigurationPlatforms) = postSolution
		{3E74F83F-915A-4EEC-9151-9280BEE493D3}.Debug|Any CPU.ActiveCfg = Debug|Any CPU
		{3E74F83F-915A-4EEC-9151-9280BEE493D3}.Debug|Any CPU.Build.0 = Debug|Any CPU
		{3E74F83F-915A-4EEC-9151-9280BEE493D3}.Release|Any CPU.ActiveCfg = Release|Any CPU
		{3E74F83F-915A-4EEC-9151-9280BEE493D3}.Release|Any CPU.Build.0 = Release|Any CPU
		{37EE9A3B-BB6F-4159-8E86-783026B902F7}.Debug|Any CPU.ActiveCfg = Debug|Any CPU
		{37EE9A3B-BB6F-4159-8E86-783026B902F7}.Debug|Any CPU.Build.0 = Debug|Any CPU
		{37EE9A3B-BB6F-4159-8E86-783026B902F7}.Release|Any CPU.ActiveCfg = Release|Any CPU
		{37EE9A3B-BB6F-4159-8E86-783026B902F7}.Release|Any CPU.Build.0 = Release|Any CPU
	EndGlobalSection
	GlobalSection(SolutionProperties) = preSolution
		HideSolutionNode = FALSE
	EndGlobalSection
	GlobalSection(ExtensibilityGlobals) = postSolution
		SolutionGuid = {A8941329-1AF6-4003-98F6-9D31DC7DECE8}
	EndGlobalSection
EndGlobal
